
Microsoft Visual Studio Solution File, Format Version 12.00
# Visual Studio Version 16
VisualStudioVersion = 16.0.28803.202
MinimumVisualStudioVersion = 10.0.40219.1
Project("{8BC9CEB8-8B4A-11D0-8D11-00A0C91BC942}") = "boost", "boost.vcxproj", "{A465DBF0-5968-4CCA-8DEA-145FC7BA3E22}"
EndProject
Global
	GlobalSection(SolutionConfigurationPlatforms) = preSolution
		Debug|x64 = Debug|x64
		Debug|x86 = Debug|x86
		Release|x64 = Release|x64
		Release|x86 = Release|x86
	EndGlobalSection
	GlobalSection(ProjectConfigurationPlatforms) = postSolution
		{A465DBF0-5968-4CCA-8DEA-145FC7BA3E22}.Debug|x64.ActiveCfg = Debug|x64
		{A465DBF0-5968-4CCA-8DEA-145FC7BA3E22}.Debug|x64.Build.0 = Debug|x64
		{A465DBF0-5968-4CCA-8DEA-145FC7BA3E22}.Debug|x86.ActiveCfg = Debug|Win32
		{A465DBF0-5968-4CCA-8DEA-145FC7BA3E22}.Debug|x86.Build.0 = Debug|Win32
		{A465DBF0-5968-4CCA-8DEA-145FC7BA3E22}.Release|x64.ActiveCfg = Release|x64
		{A465DBF0-5968-4CCA-8DEA-145FC7BA3E22}.Release|x64.Build.0 = Release|x64
		{A465DBF0-5968-4CCA-8DEA-145FC7BA3E22}.Release|x86.ActiveCfg = Release|Win32
		{A465DBF0-5968-4CCA-8DEA-145FC7BA3E22}.Release|x86.Build.0 = Release|Win32
	EndGlobalSection
	GlobalSection(SolutionProperties) = preSolution
		HideSolutionNode = FALSE
	EndGlobalSection
	GlobalSection(ExtensibilityGlobals) = postSolution
		SolutionGuid = {7D304D96-3707-43FD-8AA7-8204781FCA2A}
	EndGlobalSection
EndGlobal
